{
  "version": 4,
  "terraform_version": "1.4.6",
  "serial": 38,
  "lineage": "1675275c-4f8c-59c9-f9f8-d4a68b4ceb72",
  "outputs": {
    "remote_state_dynamodb_id": {
      "value": "terraform-state-storage",
      "type": "string"
    },
    "remote_state_kms_alias": {
      "value": "alias/terraform-state-storage",
      "type": "string"
    },
    "remote_state_s3_id": {
      "value": "terraform-state-storage20230615103618423200000002",
      "type": "string"
    }
  },
  "resources": [
    {
      "mode": "data",
      "type": "aws_caller_identity",
      "name": "current",
      "provider": "provider[\"registry.terraform.io/hashicorp/aws\"]",
      "instances": [
        {
          "schema_version": 0,
          "attributes": {
            "account_id": "425373594208",
            "arn": "arn:aws:iam::425373594208:user/oleksandr.parkhomenko.1",
            "id": "425373594208",
            "user_id": "AIDAWGCR56JQL7Q3BCWN3"
          },
          "sensitive_attributes": []
        }
      ]
    },
    {
      "mode": "data",
      "type": "aws_iam_policy_document",
      "name": "codepipeline",
      "provider": "provider[\"registry.terraform.io/hashicorp/aws\"]",
      "instances": [
        {
          "schema_version": 0,
          "attributes": {
            "id": "793973553",
            "json": "{\n  \"Version\": \"2012-10-17\",\n  \"Statement\": [\n    {\n      \"Sid\": \"codestarconnections\",\n      \"Effect\": \"Allow\",\n      \"Action\": \"codestar-connections:*\",\n      \"Resource\": \"*\"\n    },\n    {\n      \"Sid\": \"s3access\",\n      \"Effect\": \"Allow\",\n      \"Action\": [\n        \"s3:PutObjectAcl\",\n        \"s3:PutObject\",\n        \"s3:ListBucket\",\n        \"s3:GetObjectVersion\",\n        \"s3:GetObject\",\n        \"s3:GetBucketVersioning\"\n      ],\n      \"Resource\": [\n        \"arn:aws:s3:::codepipeline-terraform-deployment20230615103618423000000001/*\",\n        \"arn:aws:s3:::codepipeline-terraform-deployment20230615103618423000000001\"\n      ]\n    },\n    {\n      \"Sid\": \"codecommitaccess\",\n      \"Effect\": \"Allow\",\n      \"Action\": [\n        \"codecommit:UploadArchive\",\n        \"codecommit:GetUploadArchiveStatus\",\n        \"codecommit:GetCommit\",\n        \"codecommit:GetBranch\",\n        \"codecommit:CancelUploadArchive\"\n      ],\n      \"Resource\": \"arn:aws:codecommit:us-east-1:425373594208:codepipeline-terraform-deployment\"\n    },\n    {\n      \"Sid\": \"codebuildaccess\",\n      \"Effect\": \"Allow\",\n      \"Action\": [\n        \"codebuild:StartBuild\",\n        \"codebuild:BatchGetBuilds\"\n      ],\n      \"Resource\": \"arn:aws:codebuild:us-east-1:425373594208:project/codepipeline-terraform-deployment\"\n    },\n    {\n      \"Sid\": \"snsaccess\",\n      \"Effect\": \"Allow\",\n      \"Action\": \"SNS:Publish\",\n      \"Resource\": \"arn:aws:sns:us-east-1:425373594208:codepipeline-terraform-deployment\"\n    },\n    {\n      \"Sid\": \"kmsaccess\",\n      \"Effect\": \"Allow\",\n      \"Action\": [\n        \"kms:ReEncrypt*\",\n        \"kms:GenerateDataKey*\",\n        \"kms:Encrypt\",\n        \"kms:DescribeKey\",\n        \"kms:Decrypt\"\n      ],\n      \"Resource\": \"arn:aws:kms:us-east-1:425373594208:key/7b4081d5-f4d2-4090-9bfe-1e575792d002\"\n    }\n  ]\n}",
            "override_policy_documents": null,
            "policy_id": null,
            "source_policy_documents": null,
            "statement": [
              {
                "actions": [
                  "codestar-connections:*"
                ],
                "condition": [],
                "effect": "Allow",
                "not_actions": [],
                "not_principals": [],
                "not_resources": [],
                "principals": [],
                "resources": [
                  "*"
                ],
                "sid": "codestarconnections"
              },
              {
                "actions": [
                  "s3:GetBucketVersioning",
                  "s3:GetObject",
                  "s3:GetObjectVersion",
                  "s3:ListBucket",
                  "s3:PutObject",
                  "s3:PutObjectAcl"
                ],
                "condition": [],
                "effect": "Allow",
                "not_actions": [],
                "not_principals": [],
                "not_resources": [],
                "principals": [],
                "resources": [
                  "arn:aws:s3:::codepipeline-terraform-deployment20230615103618423000000001",
                  "arn:aws:s3:::codepipeline-terraform-deployment20230615103618423000000001/*"
                ],
                "sid": "s3access"
              },
              {
                "actions": [
                  "codecommit:CancelUploadArchive",
                  "codecommit:GetBranch",
                  "codecommit:GetCommit",
                  "codecommit:GetUploadArchiveStatus",
                  "codecommit:UploadArchive"
                ],
                "condition": [],
                "effect": "Allow",
                "not_actions": [],
                "not_principals": [],
                "not_resources": [],
                "principals": [],
                "resources": [
                  "arn:aws:codecommit:us-east-1:425373594208:codepipeline-terraform-deployment"
                ],
                "sid": "codecommitaccess"
              },
              {
                "actions": [
                  "codebuild:BatchGetBuilds",
                  "codebuild:StartBuild"
                ],
                "condition": [],
                "effect": "Allow",
                "not_actions": [],
                "not_principals": [],
                "not_resources": [],
                "principals": [],
                "resources": [
                  "arn:aws:codebuild:us-east-1:425373594208:project/codepipeline-terraform-deployment"
                ],
                "sid": "codebuildaccess"
              },
              {
                "actions": [
                  "SNS:Publish"
                ],
                "condition": [],
                "effect": "Allow",
                "not_actions": [],
                "not_principals": [],
                "not_resources": [],
                "principals": [],
                "resources": [
                  "arn:aws:sns:us-east-1:425373594208:codepipeline-terraform-deployment"
                ],
                "sid": "snsaccess"
              },
              {
                "actions": [
                  "kms:Decrypt",
                  "kms:DescribeKey",
                  "kms:Encrypt",
                  "kms:GenerateDataKey*",
                  "kms:ReEncrypt*"
                ],
                "condition": [],
                "effect": "Allow",
                "not_actions": [],
                "not_principals": [],
                "not_resources": [],
                "principals": [],
                "resources": [
                  "arn:aws:kms:us-east-1:425373594208:key/7b4081d5-f4d2-4090-9bfe-1e575792d002"
                ],
                "sid": "kmsaccess"
              }
            ],
            "version": "2012-10-17"
          },
          "sensitive_attributes": []
        }
      ]
    },
    {
      "mode": "data",
      "type": "aws_iam_policy_document",
      "name": "key_policy",
      "provider": "provider[\"registry.terraform.io/hashicorp/aws\"]",
      "instances": [
        {
          "schema_version": 0,
          "attributes": {
            "id": "3361118144",
            "json": "{\n  \"Version\": \"2012-10-17\",\n  \"Statement\": [\n    {\n      \"Effect\": \"Allow\",\n      \"Action\": \"kms:*\",\n      \"Resource\": \"*\",\n      \"Principal\": {\n        \"AWS\": \"arn:aws:iam::425373594208:root\"\n      }\n    }\n  ]\n}",
            "override_policy_documents": null,
            "policy_id": null,
            "source_policy_documents": null,
            "statement": [
              {
                "actions": [
                  "kms:*"
                ],
                "condition": [],
                "effect": "Allow",
                "not_actions": [],
                "not_principals": [],
                "not_resources": [],
                "principals": [
                  {
                    "identifiers": [
                      "arn:aws:iam::425373594208:root"
                    ],
                    "type": "AWS"
                  }
                ],
                "resources": [
                  "*"
                ],
                "sid": ""
              }
            ],
            "version": "2012-10-17"
          },
          "sensitive_attributes": []
        }
      ]
    },
    {
      "mode": "data",
      "type": "aws_iam_policy_document",
      "name": "s3",
      "provider": "provider[\"registry.terraform.io/hashicorp/aws\"]",
      "instances": []
    },
    {
      "mode": "data",
      "type": "aws_iam_policy_document",
      "name": "sns",
      "provider": "provider[\"registry.terraform.io/hashicorp/aws\"]",
      "instances": []
    },
    {
      "mode": "managed",
      "type": "aws_cloudwatch_log_group",
      "name": "this",
      "provider": "provider[\"registry.terraform.io/hashicorp/aws\"]",
      "instances": [
        {
          "schema_version": 0,
          "attributes": {
            "arn": "arn:aws:logs:us-east-1:425373594208:log-group:/aws/codebuild/codepipeline-terraform-deployment",
            "id": "/aws/codebuild/codepipeline-terraform-deployment",
            "kms_key_id": "",
            "name": "/aws/codebuild/codepipeline-terraform-deployment",
            "name_prefix": "",
            "retention_in_days": 30,
            "skip_destroy": false,
            "tags": {},
            "tags_all": {}
          },
          "sensitive_attributes": [],
          "private": "bnVsbA=="
        }
      ]
    },
    {
      "mode": "managed",
      "type": "aws_codebuild_project",
      "name": "this",
      "provider": "provider[\"registry.terraform.io/hashicorp/aws\"]",
      "instances": [
        {
          "schema_version": 0,
          "attributes": {
            "arn": "arn:aws:codebuild:us-east-1:425373594208:project/codepipeline-terraform-deployment",
            "artifacts": [
              {
                "artifact_identifier": "",
                "bucket_owner_access": "",
                "encryption_disabled": false,
                "location": "",
                "name": "codepipeline-terraform-deployment",
                "namespace_type": "",
                "override_artifact_name": false,
                "packaging": "NONE",
                "path": "",
                "type": "CODEPIPELINE"
              }
            ],
            "badge_enabled": false,
            "badge_url": "",
            "build_batch_config": [],
            "build_timeout": 60,
            "cache": [
              {
                "location": "",
                "modes": [],
                "type": "NO_CACHE"
              }
            ],
            "concurrent_build_limit": 1,
            "description": "",
            "encryption_key": "arn:aws:kms:us-east-1:425373594208:alias/aws/s3",
            "environment": [
              {
                "certificate": "",
                "compute_type": "BUILD_GENERAL1_SMALL",
                "environment_variable": [],
                "image": "425373594208.dkr.ecr.us-east-1.amazonaws.com/codepipeline-terraform-deployment:codebuild-image",
                "image_pull_credentials_type": "SERVICE_ROLE",
                "privileged_mode": false,
                "registry_credential": [],
                "type": "LINUX_CONTAINER"
              }
            ],
            "file_system_locations": [],
            "id": "arn:aws:codebuild:us-east-1:425373594208:project/codepipeline-terraform-deployment",
            "logs_config": [
              {
                "cloudwatch_logs": [
                  {
                    "group_name": "/aws/codebuild/codepipeline-terraform-deployment",
                    "status": "ENABLED",
                    "stream_name": ""
                  }
                ],
                "s3_logs": [
                  {
                    "bucket_owner_access": "",
                    "encryption_disabled": false,
                    "location": "",
                    "status": "DISABLED"
                  }
                ]
              }
            ],
            "name": "codepipeline-terraform-deployment",
            "project_visibility": "PRIVATE",
            "public_project_alias": "",
            "queued_timeout": 480,
            "resource_access_role": "",
            "secondary_artifacts": [],
            "secondary_source_version": [],
            "secondary_sources": [],
            "service_role": "arn:aws:iam::425373594208:role/codepipeline-terraform-deployment-codebuild",
            "source": [
              {
                "build_status_config": [],
                "buildspec": "version: 0.2\n\nphases:\n  build:\n    on-failure: ABORT\n    commands:\n      - cd ${CODEBUILD_SRC_DIR}\n      - |-\n        if [ ${ACTION} = \"VALIDATE\" ] ; then\n\n          echo \"==== Running: Terraform Validate ====\"\n          terraform init\n          terraform validate\n\n          echo \"==== Running: TFLINT ====\"\n          tflint --init\n          tflint\n\n          echo \"==== Running: Checkov ====\"\n          checkov --framework terraform -d .\n\n          echo \"==== Running: TFSEC ====\"\n          tfsec .\n\n        elif [ ${ACTION} = \"PLAN\" ] ; then\n\n          echo \"==== Running: Terraform Plan ====\"\n          terraform init\n          terraform plan -out=tfplan -input=false -no-color\n          terraform show -json tfplan \u003e tfplan.json\n\n          echo \"==== Running: OPA ====\"\n          OPA_CHECK=$(opa exec --decision terraform/analysis/authz -b policy/ tfplan.json | jq -r \".result[] |.result\")\n          echo \"OPA Evaluation Check = $OPA_CHECK\"\n          if ! $OPA_CHECK; then\n            printf '%s\\n' \"OPA evaluation failed\" \u003e\u00262\n            exit 1\n          fi\n\n        elif [ ${ACTION} = \"APPLY\" ] ; then\n\n          echo \"==== Running: Terraform Apply ====\"\n          terraform init\n          terraform apply -no-color -auto-approve tfplan\n          \n        elif [ ${ACTION} = \"DESTROY\" ] ; then\n\n          echo \"==== Running: Terraform Destroy ====\"\n          terraform init\n          terraform destroy -no-color -auto-approve\n        fi\n\nartifacts:\n  files:\n    - '**/*'\n",
                "git_clone_depth": 0,
                "git_submodules_config": [],
                "insecure_ssl": false,
                "location": "",
                "report_build_status": false,
                "type": "CODEPIPELINE"
              }
            ],
            "source_version": "",
            "tags": {},
            "tags_all": {},
            "vpc_config": []
          },
          "sensitive_attributes": [],
          "private": "bnVsbA==",
          "dependencies": [
            "aws_cloudwatch_log_group.this",
            "aws_ecr_repository.this",
            "aws_iam_role.codebuild"
          ]
        }
      ]
    },
    {
      "mode": "managed",
      "type": "aws_codecommit_repository",
      "name": "this",
      "provider": "provider[\"registry.terraform.io/hashicorp/aws\"]",
      "instances": [
        {
          "schema_version": 0,
          "attributes": {
            "arn": "arn:aws:codecommit:us-east-1:425373594208:codepipeline-terraform-deployment",
            "clone_url_http": "https://git-codecommit.us-east-1.amazonaws.com/v1/repos/codepipeline-terraform-deployment",
            "clone_url_ssh": "ssh://git-codecommit.us-east-1.amazonaws.com/v1/repos/codepipeline-terraform-deployment",
            "default_branch": null,
            "description": "",
            "id": "codepipeline-terraform-deployment",
            "repository_id": "37125304-fd55-4852-9f15-426057d97f44",
            "repository_name": "codepipeline-terraform-deployment",
            "tags": {},
            "tags_all": {}
          },
          "sensitive_attributes": [],
          "private": "bnVsbA=="
        }
      ]
    },
    {
      "mode": "managed",
      "type": "aws_codepipeline",
      "name": "this",
      "provider": "provider[\"registry.terraform.io/hashicorp/aws\"]",
      "instances": [
        {
          "schema_version": 0,
          "attributes": {
            "arn": "arn:aws:codepipeline:us-east-1:425373594208:codepipeline-terraform-deployment",
            "artifact_store": [
              {
                "encryption_key": [
                  {
                    "id": "7b4081d5-f4d2-4090-9bfe-1e575792d002",
                    "type": "KMS"
                  }
                ],
                "location": "codepipeline-terraform-deployment20230615103618423000000001",
                "region": "",
                "type": "S3"
              }
            ],
            "id": "codepipeline-terraform-deployment",
            "name": "codepipeline-terraform-deployment",
            "role_arn": "arn:aws:iam::425373594208:role/codepipeline-terraform-deployment-codepipeline",
            "stage": [
              {
                "action": [
                  {
                    "category": "Source",
                    "configuration": {
                      "BranchName": "dev",
                      "ConnectionArn": "arn:aws:codestar-connections:us-east-1:425373594208:connection/49350f5a-2e05-4240-b92d-a0a730a8fc95",
                      "FullRepositoryId": "Batirchik/tf_pipeline"
                    },
                    "input_artifacts": [],
                    "name": "Source",
                    "namespace": "",
                    "output_artifacts": [
                      "source_output"
                    ],
                    "owner": "AWS",
                    "provider": "CodeStarSourceConnection",
                    "region": "",
                    "role_arn": "",
                    "run_order": 1,
                    "version": "1"
                  }
                ],
                "name": "Source"
              },
              {
                "action": [
                  {
                    "category": "Build",
                    "configuration": {
                      "EnvironmentVariables": "[{\"name\":\"ACTION\",\"type\":\"PLAINTEXT\",\"value\":\"VALIDATE\"}]",
                      "ProjectName": "codepipeline-terraform-deployment"
                    },
                    "input_artifacts": [
                      "SOURCE_ARTIFACT"
                    ],
                    "name": "Validate",
                    "namespace": "",
                    "output_artifacts": [
                      "VALIDATE_ARTIFACT"
                    ],
                    "owner": "AWS",
                    "provider": "CodeBuild",
                    "region": "",
                    "role_arn": "",
                    "run_order": 2,
                    "version": "1"
                  }
                ],
                "name": "TerraformValidate"
              },
              {
                "action": [
                  {
                    "category": "Build",
                    "configuration": {
                      "EnvironmentVariables": "[{\"name\":\"ACTION\",\"type\":\"PLAINTEXT\",\"value\":\"PLAN\"}]",
                      "ProjectName": "codepipeline-terraform-deployment"
                    },
                    "input_artifacts": [
                      "VALIDATE_ARTIFACT"
                    ],
                    "name": "Plan",
                    "namespace": "",
                    "output_artifacts": [
                      "PLAN_ARTIFACT"
                    ],
                    "owner": "AWS",
                    "provider": "CodeBuild",
                    "region": "",
                    "role_arn": "",
                    "run_order": 2,
                    "version": "1"
                  }
                ],
                "name": "TerraformPlan"
              },
              {
                "action": [
                  {
                    "category": "Approval",
                    "configuration": {
                      "NotificationArn": "arn:aws:sns:us-east-1:425373594208:codepipeline-terraform-deployment"
                    },
                    "input_artifacts": [],
                    "name": "Apply",
                    "namespace": "",
                    "output_artifacts": [],
                    "owner": "AWS",
                    "provider": "Manual",
                    "region": "",
                    "role_arn": "",
                    "run_order": 3,
                    "version": "1"
                  }
                ],
                "name": "ApprovalApply"
              },
              {
                "action": [
                  {
                    "category": "Build",
                    "configuration": {
                      "EnvironmentVariables": "[{\"name\":\"ACTION\",\"type\":\"PLAINTEXT\",\"value\":\"APPLY\"}]",
                      "ProjectName": "codepipeline-terraform-deployment"
                    },
                    "input_artifacts": [
                      "PLAN_ARTIFACT"
                    ],
                    "name": "Apply",
                    "namespace": "",
                    "output_artifacts": [
                      "APPLY_ARTIFACT"
                    ],
                    "owner": "AWS",
                    "provider": "CodeBuild",
                    "region": "",
                    "role_arn": "",
                    "run_order": 4,
                    "version": "1"
                  }
                ],
                "name": "TerraformApply"
              },
              {
                "action": [
                  {
                    "category": "Approval",
                    "configuration": {
                      "NotificationArn": "arn:aws:sns:us-east-1:425373594208:codepipeline-terraform-deployment"
                    },
                    "input_artifacts": [],
                    "name": "Destroy",
                    "namespace": "",
                    "output_artifacts": [],
                    "owner": "AWS",
                    "provider": "Manual",
                    "region": "",
                    "role_arn": "",
                    "run_order": 5,
                    "version": "1"
                  }
                ],
                "name": "ApprovalDestroy"
              },
              {
                "action": [
                  {
                    "category": "Build",
                    "configuration": {
                      "EnvironmentVariables": "[{\"name\":\"ACTION\",\"type\":\"PLAINTEXT\",\"value\":\"DESTROY\"}]",
                      "ProjectName": "codepipeline-terraform-deployment"
                    },
                    "input_artifacts": [
                      "APPLY_ARTIFACT"
                    ],
                    "name": "Destroy",
                    "namespace": "",
                    "output_artifacts": [],
                    "owner": "AWS",
                    "provider": "CodeBuild",
                    "region": "",
                    "role_arn": "",
                    "run_order": 6,
                    "version": "1"
                  }
                ],
                "name": "TerraformDestroy"
              }
            ],
            "tags": {},
            "tags_all": {}
          },
          "sensitive_attributes": [],
          "private": "bnVsbA==",
          "dependencies": [
            "aws_cloudwatch_log_group.this",
            "aws_codebuild_project.this",
            "aws_ecr_repository.this",
            "aws_iam_role.codebuild",
            "aws_iam_role.codepipeline",
            "aws_kms_key.this",
            "aws_s3_bucket.this",
            "aws_sns_topic.this"
          ]
        }
      ]
    },
    {
      "mode": "managed",
      "type": "aws_ecr_repository",
      "name": "this",
      "provider": "provider[\"registry.terraform.io/hashicorp/aws\"]",
      "instances": [
        {
          "schema_version": 0,
          "attributes": {
            "arn": "arn:aws:ecr:us-east-1:425373594208:repository/codepipeline-terraform-deployment",
            "encryption_configuration": [
              {
                "encryption_type": "AES256",
                "kms_key": ""
              }
            ],
            "force_delete": null,
            "id": "codepipeline-terraform-deployment",
            "image_scanning_configuration": [
              {
                "scan_on_push": true
              }
            ],
            "image_tag_mutability": "IMMUTABLE",
            "name": "codepipeline-terraform-deployment",
            "registry_id": "425373594208",
            "repository_url": "425373594208.dkr.ecr.us-east-1.amazonaws.com/codepipeline-terraform-deployment",
            "tags": {},
            "tags_all": {},
            "timeouts": null
          },
          "sensitive_attributes": [],
          "private": "eyJlMmJmYjczMC1lY2FhLTExZTYtOGY4OC0zNDM2M2JjN2M0YzAiOnsiZGVsZXRlIjoxMjAwMDAwMDAwMDAwfX0="
        }
      ]
    },
    {
      "mode": "managed",
      "type": "aws_iam_policy",
      "name": "codepipeline",
      "provider": "provider[\"registry.terraform.io/hashicorp/aws\"]",
      "instances": [
        {
          "schema_version": 0,
          "attributes": {
            "arn": "arn:aws:iam::425373594208:policy/codepipeline",
            "description": "",
            "id": "arn:aws:iam::425373594208:policy/codepipeline",
            "name": "codepipeline",
            "name_prefix": "",
            "path": "/",
            "policy": "{\"Statement\":[{\"Action\":\"codestar-connections:*\",\"Effect\":\"Allow\",\"Resource\":\"*\",\"Sid\":\"codestarconnections\"},{\"Action\":[\"s3:PutObjectAcl\",\"s3:PutObject\",\"s3:ListBucket\",\"s3:GetObjectVersion\",\"s3:GetObject\",\"s3:GetBucketVersioning\"],\"Effect\":\"Allow\",\"Resource\":[\"arn:aws:s3:::codepipeline-terraform-deployment20230615103618423000000001/*\",\"arn:aws:s3:::codepipeline-terraform-deployment20230615103618423000000001\"],\"Sid\":\"s3access\"},{\"Action\":[\"codecommit:UploadArchive\",\"codecommit:GetUploadArchiveStatus\",\"codecommit:GetCommit\",\"codecommit:GetBranch\",\"codecommit:CancelUploadArchive\"],\"Effect\":\"Allow\",\"Resource\":\"arn:aws:codecommit:us-east-1:425373594208:codepipeline-terraform-deployment\",\"Sid\":\"codecommitaccess\"},{\"Action\":[\"codebuild:StartBuild\",\"codebuild:BatchGetBuilds\"],\"Effect\":\"Allow\",\"Resource\":\"arn:aws:codebuild:us-east-1:425373594208:project/codepipeline-terraform-deployment\",\"Sid\":\"codebuildaccess\"},{\"Action\":\"SNS:Publish\",\"Effect\":\"Allow\",\"Resource\":\"arn:aws:sns:us-east-1:425373594208:codepipeline-terraform-deployment\",\"Sid\":\"snsaccess\"},{\"Action\":[\"kms:ReEncrypt*\",\"kms:GenerateDataKey*\",\"kms:Encrypt\",\"kms:DescribeKey\",\"kms:Decrypt\"],\"Effect\":\"Allow\",\"Resource\":\"arn:aws:kms:us-east-1:425373594208:key/7b4081d5-f4d2-4090-9bfe-1e575792d002\",\"Sid\":\"kmsaccess\"}],\"Version\":\"2012-10-17\"}",
            "policy_id": "ANPAWGCR56JQCR4JF3CCA",
            "tags": {},
            "tags_all": {}
          },
          "sensitive_attributes": [],
          "private": "bnVsbA==",
          "dependencies": [
            "aws_cloudwatch_log_group.this",
            "aws_codebuild_project.this",
            "aws_codecommit_repository.this",
            "aws_ecr_repository.this",
            "aws_iam_role.codebuild",
            "aws_kms_key.this",
            "aws_s3_bucket.this",
            "aws_sns_topic.this",
            "data.aws_iam_policy_document.codepipeline"
          ]
        }
      ]
    },
    {
      "mode": "managed",
      "type": "aws_iam_role",
      "name": "codebuild",
      "provider": "provider[\"registry.terraform.io/hashicorp/aws\"]",
      "instances": [
        {
          "schema_version": 0,
          "attributes": {
            "arn": "arn:aws:iam::425373594208:role/codepipeline-terraform-deployment-codebuild",
            "assume_role_policy": "{\"Statement\":[{\"Action\":\"sts:AssumeRole\",\"Effect\":\"Allow\",\"Principal\":{\"Service\":\"codebuild.amazonaws.com\"}}],\"Version\":\"2012-10-17\"}",
            "create_date": "2023-06-15T10:36:19Z",
            "description": "",
            "force_detach_policies": false,
            "id": "codepipeline-terraform-deployment-codebuild",
            "inline_policy": [],
            "managed_policy_arns": [
              "arn:aws:iam::aws:policy/AdministratorAccess"
            ],
            "max_session_duration": 3600,
            "name": "codepipeline-terraform-deployment-codebuild",
            "name_prefix": "",
            "path": "/",
            "permissions_boundary": null,
            "tags": {},
            "tags_all": {},
            "unique_id": "AROAWGCR56JQBO2YL7XQX"
          },
          "sensitive_attributes": [],
          "private": "bnVsbA=="
        }
      ]
    },
    {
      "mode": "managed",
      "type": "aws_iam_role",
      "name": "codepipeline",
      "provider": "provider[\"registry.terraform.io/hashicorp/aws\"]",
      "instances": [
        {
          "schema_version": 0,
          "attributes": {
            "arn": "arn:aws:iam::425373594208:role/codepipeline-terraform-deployment-codepipeline",
            "assume_role_policy": "{\"Statement\":[{\"Action\":\"sts:AssumeRole\",\"Effect\":\"Allow\",\"Principal\":{\"Service\":\"codepipeline.amazonaws.com\"}}],\"Version\":\"2012-10-17\"}",
            "create_date": "2023-06-15T10:36:19Z",
            "description": "",
            "force_detach_policies": false,
            "id": "codepipeline-terraform-deployment-codepipeline",
            "inline_policy": [],
            "managed_policy_arns": [
              "arn:aws:iam::425373594208:policy/codepipeline"
            ],
            "max_session_duration": 3600,
            "name": "codepipeline-terraform-deployment-codepipeline",
            "name_prefix": "",
            "path": "/",
            "permissions_boundary": null,
            "tags": {},
            "tags_all": {},
            "unique_id": "AROAWGCR56JQDLUMOKHPA"
          },
          "sensitive_attributes": [],
          "private": "bnVsbA=="
        }
      ]
    },
    {
      "mode": "managed",
      "type": "aws_iam_role_policy_attachment",
      "name": "codebuild",
      "provider": "provider[\"registry.terraform.io/hashicorp/aws\"]",
      "instances": [
        {
          "schema_version": 0,
          "attributes": {
            "id": "codepipeline-terraform-deployment-codebuild-20230615103619946600000003",
            "policy_arn": "arn:aws:iam::aws:policy/AdministratorAccess",
            "role": "codepipeline-terraform-deployment-codebuild"
          },
          "sensitive_attributes": [],
          "private": "bnVsbA==",
          "dependencies": [
            "aws_iam_role.codebuild"
          ]
        }
      ]
    },
    {
      "mode": "managed",
      "type": "aws_iam_role_policy_attachment",
      "name": "codepipeline",
      "provider": "provider[\"registry.terraform.io/hashicorp/aws\"]",
      "instances": [
        {
          "schema_version": 0,
          "attributes": {
            "id": "codepipeline-terraform-deployment-codepipeline-20230615103632412100000004",
            "policy_arn": "arn:aws:iam::425373594208:policy/codepipeline",
            "role": "codepipeline-terraform-deployment-codepipeline"
          },
          "sensitive_attributes": [],
          "private": "bnVsbA==",
          "dependencies": [
            "aws_cloudwatch_log_group.this",
            "aws_codebuild_project.this",
            "aws_codecommit_repository.this",
            "aws_ecr_repository.this",
            "aws_iam_policy.codepipeline",
            "aws_iam_role.codebuild",
            "aws_iam_role.codepipeline",
            "aws_kms_key.this",
            "aws_s3_bucket.this",
            "aws_sns_topic.this",
            "data.aws_iam_policy_document.codepipeline"
          ]
        }
      ]
    },
    {
      "mode": "managed",
      "type": "aws_kms_key",
      "name": "this",
      "provider": "provider[\"registry.terraform.io/hashicorp/aws\"]",
      "instances": [
        {
          "schema_version": 0,
          "attributes": {
            "arn": "arn:aws:kms:us-east-1:425373594208:key/7b4081d5-f4d2-4090-9bfe-1e575792d002",
            "bypass_policy_lockout_safety_check": false,
            "custom_key_store_id": "",
            "customer_master_key_spec": "SYMMETRIC_DEFAULT",
            "deletion_window_in_days": 30,
            "description": "",
            "enable_key_rotation": true,
            "id": "7b4081d5-f4d2-4090-9bfe-1e575792d002",
            "is_enabled": true,
            "key_id": "7b4081d5-f4d2-4090-9bfe-1e575792d002",
            "key_usage": "ENCRYPT_DECRYPT",
            "multi_region": false,
            "policy": "{\"Statement\":[{\"Action\":\"kms:*\",\"Effect\":\"Allow\",\"Principal\":{\"AWS\":\"arn:aws:iam::425373594208:root\"},\"Resource\":\"*\",\"Sid\":\"\"}],\"Version\":\"2012-10-17\"}",
            "tags": {},
            "tags_all": {}
          },
          "sensitive_attributes": [],
          "private": "bnVsbA=="
        }
      ]
    },
    {
      "mode": "managed",
      "type": "aws_kms_key_policy",
      "name": "this",
      "provider": "provider[\"registry.terraform.io/hashicorp/aws\"]",
      "instances": [
        {
          "schema_version": 0,
          "attributes": {
            "bypass_policy_lockout_safety_check": false,
            "id": "7b4081d5-f4d2-4090-9bfe-1e575792d002",
            "key_id": "7b4081d5-f4d2-4090-9bfe-1e575792d002",
            "policy": "{\"Statement\":[{\"Action\":\"kms:*\",\"Effect\":\"Allow\",\"Principal\":{\"AWS\":\"arn:aws:iam::425373594208:root\"},\"Resource\":\"*\",\"Sid\":\"\"}],\"Version\":\"2012-10-17\"}"
          },
          "sensitive_attributes": [],
          "private": "bnVsbA==",
          "dependencies": [
            "aws_kms_key.this",
            "data.aws_caller_identity.current",
            "data.aws_iam_policy_document.key_policy"
          ]
        }
      ]
    },
    {
      "mode": "managed",
      "type": "aws_s3_bucket",
      "name": "this",
      "provider": "provider[\"registry.terraform.io/hashicorp/aws\"]",
      "instances": [
        {
          "schema_version": 0,
          "attributes": {
            "acceleration_status": "",
            "acl": null,
            "arn": "arn:aws:s3:::codepipeline-terraform-deployment20230615103618423000000001",
            "bucket": "codepipeline-terraform-deployment20230615103618423000000001",
            "bucket_domain_name": "codepipeline-terraform-deployment20230615103618423000000001.s3.amazonaws.com",
            "bucket_prefix": "codepipeline-terraform-deployment",
            "bucket_regional_domain_name": "codepipeline-terraform-deployment20230615103618423000000001.s3.us-east-1.amazonaws.com",
            "cors_rule": [],
            "force_destroy": true,
            "grant": [
              {
                "id": "87f542a4bfde522d08073a922e36752ef47b9cc262850a380b7ff4a028b6eb24",
                "permissions": [
                  "FULL_CONTROL"
                ],
                "type": "CanonicalUser",
                "uri": ""
              }
            ],
            "hosted_zone_id": "Z3AQBSTGFYJSTF",
            "id": "codepipeline-terraform-deployment20230615103618423000000001",
            "lifecycle_rule": [],
            "logging": [],
            "object_lock_configuration": [],
            "object_lock_enabled": false,
            "policy": "{\"Statement\":[{\"Action\":[\"s3:PutObjectAcl\",\"s3:PutObject\",\"s3:ListBucket\",\"s3:GetObjectVersion\",\"s3:GetObject\",\"s3:GetBucketVersioning\"],\"Condition\":{\"ArnEquals\":{\"AWS:SourceArn\":[\"arn:aws:codepipeline:us-east-1:425373594208:codepipeline-terraform-deployment\",\"arn:aws:codebuild:us-east-1:425373594208:project/codepipeline-terraform-deployment\"]}},\"Effect\":\"Allow\",\"Principal\":{\"Service\":\"codepipeline.amazonaws.com\"},\"Resource\":[\"arn:aws:s3:::codepipeline-terraform-deployment20230615103618423000000001/*\",\"arn:aws:s3:::codepipeline-terraform-deployment20230615103618423000000001\"],\"Sid\":\"\"}],\"Version\":\"2012-10-17\"}",
            "region": "us-east-1",
            "replication_configuration": [],
            "request_payer": "BucketOwner",
            "server_side_encryption_configuration": [
              {
                "rule": [
                  {
                    "apply_server_side_encryption_by_default": [
                      {
                        "kms_master_key_id": "arn:aws:kms:us-east-1:425373594208:key/7b4081d5-f4d2-4090-9bfe-1e575792d002",
                        "sse_algorithm": "aws:kms"
                      }
                    ],
                    "bucket_key_enabled": false
                  }
                ]
              }
            ],
            "tags": {},
            "tags_all": {},
            "timeouts": null,
            "versioning": [
              {
                "enabled": false,
                "mfa_delete": false
              }
            ],
            "website": [],
            "website_domain": null,
            "website_endpoint": null
          },
          "sensitive_attributes": [],
          "private": "eyJlMmJmYjczMC1lY2FhLTExZTYtOGY4OC0zNDM2M2JjN2M0YzAiOnsiY3JlYXRlIjoxMjAwMDAwMDAwMDAwLCJkZWxldGUiOjM2MDAwMDAwMDAwMDAsInJlYWQiOjEyMDAwMDAwMDAwMDAsInVwZGF0ZSI6MTIwMDAwMDAwMDAwMH19"
        }
      ]
    },
    {
      "mode": "managed",
      "type": "aws_s3_bucket_policy",
      "name": "this",
      "provider": "provider[\"registry.terraform.io/hashicorp/aws\"]",
      "instances": [
        {
          "schema_version": 0,
          "attributes": {
            "bucket": "codepipeline-terraform-deployment20230615103618423000000001",
            "id": "codepipeline-terraform-deployment20230615103618423000000001",
            "policy": "{\"Statement\":[{\"Action\":[\"s3:PutObjectAcl\",\"s3:PutObject\",\"s3:ListBucket\",\"s3:GetObjectVersion\",\"s3:GetObject\",\"s3:GetBucketVersioning\"],\"Condition\":{\"ArnEquals\":{\"AWS:SourceArn\":[\"arn:aws:codepipeline:us-east-1:425373594208:codepipeline-terraform-deployment\",\"arn:aws:codebuild:us-east-1:425373594208:project/codepipeline-terraform-deployment\"]}},\"Effect\":\"Allow\",\"Principal\":{\"Service\":\"codepipeline.amazonaws.com\"},\"Resource\":[\"arn:aws:s3:::codepipeline-terraform-deployment20230615103618423000000001/*\",\"arn:aws:s3:::codepipeline-terraform-deployment20230615103618423000000001\"],\"Sid\":\"\"}],\"Version\":\"2012-10-17\"}"
          },
          "sensitive_attributes": [],
          "private": "bnVsbA==",
          "dependencies": [
            "aws_cloudwatch_log_group.this",
            "aws_codebuild_project.this",
            "aws_codecommit_repository.this",
            "aws_codepipeline.this",
            "aws_ecr_repository.this",
            "aws_iam_role.codebuild",
            "aws_iam_role.codepipeline",
            "aws_kms_key.this",
            "aws_s3_bucket.this",
            "aws_sns_topic.this",
            "data.aws_iam_policy_document.s3"
          ]
        }
      ]
    },
    {
      "mode": "managed",
      "type": "aws_s3_bucket_server_side_encryption_configuration",
      "name": "this",
      "provider": "provider[\"registry.terraform.io/hashicorp/aws\"]",
      "instances": [
        {
          "schema_version": 0,
          "attributes": {
            "bucket": "codepipeline-terraform-deployment20230615103618423000000001",
            "expected_bucket_owner": "",
            "id": "codepipeline-terraform-deployment20230615103618423000000001",
            "rule": [
              {
                "apply_server_side_encryption_by_default": [
                  {
                    "kms_master_key_id": "arn:aws:kms:us-east-1:425373594208:key/7b4081d5-f4d2-4090-9bfe-1e575792d002",
                    "sse_algorithm": "aws:kms"
                  }
                ],
                "bucket_key_enabled": false
              }
            ]
          },
          "sensitive_attributes": [],
          "private": "bnVsbA==",
          "dependencies": [
            "aws_kms_key.this",
            "aws_s3_bucket.this"
          ]
        }
      ]
    },
    {
      "mode": "managed",
      "type": "aws_sns_topic",
      "name": "this",
      "provider": "provider[\"registry.terraform.io/hashicorp/aws\"]",
      "instances": [
        {
          "schema_version": 0,
          "attributes": {
            "application_failure_feedback_role_arn": "",
            "application_success_feedback_role_arn": "",
            "application_success_feedback_sample_rate": 0,
            "arn": "arn:aws:sns:us-east-1:425373594208:codepipeline-terraform-deployment",
            "content_based_deduplication": false,
            "delivery_policy": "",
            "display_name": "codepipeline-terraform-deployment",
            "fifo_topic": false,
            "firehose_failure_feedback_role_arn": "",
            "firehose_success_feedback_role_arn": "",
            "firehose_success_feedback_sample_rate": 0,
            "http_failure_feedback_role_arn": "",
            "http_success_feedback_role_arn": "",
            "http_success_feedback_sample_rate": 0,
            "id": "arn:aws:sns:us-east-1:425373594208:codepipeline-terraform-deployment",
            "kms_master_key_id": "",
            "lambda_failure_feedback_role_arn": "",
            "lambda_success_feedback_role_arn": "",
            "lambda_success_feedback_sample_rate": 0,
            "name": "codepipeline-terraform-deployment",
            "name_prefix": "",
            "owner": "425373594208",
            "policy": "{\"Id\":\"__default_policy_ID\",\"Statement\":[{\"Action\":[\"SNS:GetTopicAttributes\",\"SNS:SetTopicAttributes\",\"SNS:AddPermission\",\"SNS:RemovePermission\",\"SNS:DeleteTopic\",\"SNS:Subscribe\",\"SNS:ListSubscriptionsByTopic\",\"SNS:Publish\"],\"Condition\":{\"StringEquals\":{\"AWS:SourceOwner\":\"425373594208\"}},\"Effect\":\"Allow\",\"Principal\":{\"AWS\":\"*\"},\"Resource\":\"arn:aws:sns:us-east-1:425373594208:codepipeline-terraform-deployment\",\"Sid\":\"__default_statement_ID\"}],\"Version\":\"2008-10-17\"}",
            "signature_version": 0,
            "sqs_failure_feedback_role_arn": "",
            "sqs_success_feedback_role_arn": "",
            "sqs_success_feedback_sample_rate": 0,
            "tags": null,
            "tags_all": {},
            "tracing_config": ""
          },
          "sensitive_attributes": [],
          "private": "bnVsbA=="
        }
      ]
    },
    {
      "mode": "managed",
      "type": "aws_sns_topic_policy",
      "name": "this",
      "provider": "provider[\"registry.terraform.io/hashicorp/aws\"]",
      "instances": []
    },
    {
      "mode": "managed",
      "type": "aws_sns_topic_subscription",
      "name": "this",
      "provider": "provider[\"registry.terraform.io/hashicorp/aws\"]",
      "instances": [
        {
          "schema_version": 0,
          "attributes": {
            "arn": "arn:aws:sns:us-east-1:425373594208:codepipeline-terraform-deployment:0285d3bd-8432-4f68-a47b-94e2f9aee6ba",
            "confirmation_timeout_in_minutes": 1,
            "confirmation_was_authenticated": false,
            "delivery_policy": "",
            "endpoint": "XXX@test.de",
            "endpoint_auto_confirms": false,
            "filter_policy": "",
            "filter_policy_scope": "",
            "id": "arn:aws:sns:us-east-1:425373594208:codepipeline-terraform-deployment:0285d3bd-8432-4f68-a47b-94e2f9aee6ba",
            "owner_id": "425373594208",
            "pending_confirmation": true,
            "protocol": "email",
            "raw_message_delivery": false,
            "redrive_policy": "",
            "subscription_role_arn": "",
            "topic_arn": "arn:aws:sns:us-east-1:425373594208:codepipeline-terraform-deployment"
          },
          "sensitive_attributes": [],
          "private": "bnVsbA==",
          "dependencies": [
            "aws_sns_topic.this"
          ]
        }
      ]
    },
    {
      "module": "module.state_storage",
      "mode": "data",
      "type": "aws_iam_policy_document",
      "name": "bucket_policy",
      "provider": "provider[\"registry.terraform.io/hashicorp/aws\"]",
      "instances": [
        {
          "schema_version": 0,
          "attributes": {
            "id": "802950720",
            "json": "{\n  \"Version\": \"2012-10-17\",\n  \"Statement\": [\n    {\n      \"Sid\": \"EnforceUseOfKMSEncryption\",\n      \"Effect\": \"Deny\",\n      \"Action\": \"s3:PutObject\",\n      \"Resource\": \"arn:aws:s3:::terraform-state-storage20230615103618423200000002/*\",\n      \"Principal\": {\n        \"AWS\": \"*\"\n      },\n      \"Condition\": {\n        \"Null\": {\n          \"s3:x-amz-server-side-encryption\": \"false\"\n        },\n        \"StringNotEqualsIfExists\": {\n          \"s3:x-amz-server-side-encryption\": \"aws:kms\",\n          \"s3:x-amz-server-side-encryption-aws-kms-key-id\": \"arn:aws:kms:us-east-1:425373594208:key/d615ff15-7972-443d-bad7-de29e5520a28\"\n        }\n      }\n    },\n    {\n      \"Sid\": \"AllowSSLRequestsOnly\",\n      \"Effect\": \"Deny\",\n      \"Action\": \"s3:*\",\n      \"Resource\": [\n        \"arn:aws:s3:::terraform-state-storage20230615103618423200000002/*\",\n        \"arn:aws:s3:::terraform-state-storage20230615103618423200000002\"\n      ],\n      \"Principal\": {\n        \"AWS\": \"*\"\n      },\n      \"Condition\": {\n        \"Bool\": {\n          \"aws:SecureTransport\": \"false\"\n        }\n      }\n    }\n  ]\n}",
            "override_policy_documents": null,
            "policy_id": null,
            "source_policy_documents": null,
            "statement": [
              {
                "actions": [
                  "s3:PutObject"
                ],
                "condition": [
                  {
                    "test": "Null",
                    "values": [
                      "false"
                    ],
                    "variable": "s3:x-amz-server-side-encryption"
                  },
                  {
                    "test": "StringNotEqualsIfExists",
                    "values": [
                      "arn:aws:kms:us-east-1:425373594208:key/d615ff15-7972-443d-bad7-de29e5520a28"
                    ],
                    "variable": "s3:x-amz-server-side-encryption-aws-kms-key-id"
                  },
                  {
                    "test": "StringNotEqualsIfExists",
                    "values": [
                      "aws:kms"
                    ],
                    "variable": "s3:x-amz-server-side-encryption"
                  }
                ],
                "effect": "Deny",
                "not_actions": [],
                "not_principals": [],
                "not_resources": [],
                "principals": [
                  {
                    "identifiers": [
                      "*"
                    ],
                    "type": "AWS"
                  }
                ],
                "resources": [
                  "arn:aws:s3:::terraform-state-storage20230615103618423200000002/*"
                ],
                "sid": "EnforceUseOfKMSEncryption"
              },
              {
                "actions": [
                  "s3:*"
                ],
                "condition": [
                  {
                    "test": "Bool",
                    "values": [
                      "false"
                    ],
                    "variable": "aws:SecureTransport"
                  }
                ],
                "effect": "Deny",
                "not_actions": [],
                "not_principals": [],
                "not_resources": [],
                "principals": [
                  {
                    "identifiers": [
                      "*"
                    ],
                    "type": "AWS"
                  }
                ],
                "resources": [
                  "arn:aws:s3:::terraform-state-storage20230615103618423200000002",
                  "arn:aws:s3:::terraform-state-storage20230615103618423200000002/*"
                ],
                "sid": "AllowSSLRequestsOnly"
              }
            ],
            "version": "2012-10-17"
          },
          "sensitive_attributes": []
        }
      ]
    },
    {
      "module": "module.state_storage",
      "mode": "data",
      "type": "aws_iam_policy_document",
      "name": "key_policy",
      "provider": "provider[\"registry.terraform.io/hashicorp/aws\"]",
      "instances": [
        {
          "schema_version": 0,
          "attributes": {
            "id": "2633402224",
            "json": "{\n  \"Version\": \"2012-10-17\",\n  \"Statement\": [\n    {\n      \"Sid\": \"Enable IAM Root User Permissions\",\n      \"Effect\": \"Allow\",\n      \"Action\": \"kms:*\",\n      \"Resource\": \"*\",\n      \"Principal\": {\n        \"AWS\": \"arn:aws:iam::425373594208:root\"\n      }\n    }\n  ]\n}",
            "override_policy_documents": null,
            "policy_id": null,
            "source_policy_documents": null,
            "statement": [
              {
                "actions": [
                  "kms:*"
                ],
                "condition": [],
                "effect": "Allow",
                "not_actions": [],
                "not_principals": [],
                "not_resources": [],
                "principals": [
                  {
                    "identifiers": [
                      "arn:aws:iam::425373594208:root"
                    ],
                    "type": "AWS"
                  }
                ],
                "resources": [
                  "*"
                ],
                "sid": "Enable IAM Root User Permissions"
              }
            ],
            "version": "2012-10-17"
          },
          "sensitive_attributes": []
        }
      ]
    },
    {
      "module": "module.state_storage",
      "mode": "managed",
      "type": "aws_dynamodb_table",
      "name": "this",
      "provider": "provider[\"registry.terraform.io/hashicorp/aws\"]",
      "instances": [
        {
          "schema_version": 1,
          "attributes": {
            "arn": "arn:aws:dynamodb:us-east-1:425373594208:table/terraform-state-storage",
            "attribute": [
              {
                "name": "LockID",
                "type": "S"
              }
            ],
            "billing_mode": "PAY_PER_REQUEST",
            "deletion_protection_enabled": false,
            "global_secondary_index": [],
            "hash_key": "LockID",
            "id": "terraform-state-storage",
            "local_secondary_index": [],
            "name": "terraform-state-storage",
            "point_in_time_recovery": [
              {
                "enabled": true
              }
            ],
            "range_key": null,
            "read_capacity": 0,
            "replica": [],
            "restore_date_time": null,
            "restore_source_name": null,
            "restore_to_latest_time": null,
            "server_side_encryption": [],
            "stream_arn": "",
            "stream_enabled": false,
            "stream_label": "",
            "stream_view_type": "",
            "table_class": "STANDARD",
            "tags": {},
            "tags_all": {},
            "timeouts": null,
            "ttl": [
              {
                "attribute_name": "",
                "enabled": false
              }
            ],
            "write_capacity": 0
          },
          "sensitive_attributes": [],
          "private": "eyJlMmJmYjczMC1lY2FhLTExZTYtOGY4OC0zNDM2M2JjN2M0YzAiOnsiY3JlYXRlIjoxODAwMDAwMDAwMDAwLCJkZWxldGUiOjYwMDAwMDAwMDAwMCwidXBkYXRlIjozNjAwMDAwMDAwMDAwfSwic2NoZW1hX3ZlcnNpb24iOiIxIn0="
        }
      ]
    },
    {
      "module": "module.state_storage",
      "mode": "managed",
      "type": "aws_kms_alias",
      "name": "this",
      "provider": "provider[\"registry.terraform.io/hashicorp/aws\"]",
      "instances": [
        {
          "schema_version": 0,
          "attributes": {
            "arn": "arn:aws:kms:us-east-1:425373594208:alias/terraform-state-storage",
            "id": "alias/terraform-state-storage",
            "name": "alias/terraform-state-storage",
            "name_prefix": "",
            "target_key_arn": "arn:aws:kms:us-east-1:425373594208:key/d615ff15-7972-443d-bad7-de29e5520a28",
            "target_key_id": "d615ff15-7972-443d-bad7-de29e5520a28"
          },
          "sensitive_attributes": [],
          "private": "bnVsbA==",
          "dependencies": [
            "data.aws_caller_identity.current",
            "module.state_storage.aws_kms_key.this",
            "module.state_storage.data.aws_iam_policy_document.key_policy"
          ]
        }
      ]
    },
    {
      "module": "module.state_storage",
      "mode": "managed",
      "type": "aws_kms_key",
      "name": "this",
      "provider": "provider[\"registry.terraform.io/hashicorp/aws\"]",
      "instances": [
        {
          "schema_version": 0,
          "attributes": {
            "arn": "arn:aws:kms:us-east-1:425373594208:key/d615ff15-7972-443d-bad7-de29e5520a28",
            "bypass_policy_lockout_safety_check": false,
            "custom_key_store_id": "",
            "customer_master_key_spec": "SYMMETRIC_DEFAULT",
            "deletion_window_in_days": 30,
            "description": "KMS key for encrption of CloudTrail logs in CW and S3",
            "enable_key_rotation": true,
            "id": "d615ff15-7972-443d-bad7-de29e5520a28",
            "is_enabled": true,
            "key_id": "d615ff15-7972-443d-bad7-de29e5520a28",
            "key_usage": "ENCRYPT_DECRYPT",
            "multi_region": false,
            "policy": "{\"Statement\":[{\"Action\":\"kms:*\",\"Effect\":\"Allow\",\"Principal\":{\"AWS\":\"arn:aws:iam::425373594208:root\"},\"Resource\":\"*\",\"Sid\":\"Enable IAM Root User Permissions\"}],\"Version\":\"2012-10-17\"}",
            "tags": {},
            "tags_all": {}
          },
          "sensitive_attributes": [],
          "private": "bnVsbA==",
          "dependencies": [
            "data.aws_caller_identity.current",
            "module.state_storage.data.aws_iam_policy_document.key_policy"
          ]
        }
      ]
    },
    {
      "module": "module.state_storage",
      "mode": "managed",
      "type": "aws_s3_bucket",
      "name": "this",
      "provider": "provider[\"registry.terraform.io/hashicorp/aws\"]",
      "instances": [
        {
          "schema_version": 0,
          "attributes": {
            "acceleration_status": "",
            "acl": null,
            "arn": "arn:aws:s3:::terraform-state-storage20230615103618423200000002",
            "bucket": "terraform-state-storage20230615103618423200000002",
            "bucket_domain_name": "terraform-state-storage20230615103618423200000002.s3.amazonaws.com",
            "bucket_prefix": "terraform-state-storage",
            "bucket_regional_domain_name": "terraform-state-storage20230615103618423200000002.s3.us-east-1.amazonaws.com",
            "cors_rule": [],
            "force_destroy": false,
            "grant": [
              {
                "id": "87f542a4bfde522d08073a922e36752ef47b9cc262850a380b7ff4a028b6eb24",
                "permissions": [
                  "FULL_CONTROL"
                ],
                "type": "CanonicalUser",
                "uri": ""
              }
            ],
            "hosted_zone_id": "Z3AQBSTGFYJSTF",
            "id": "terraform-state-storage20230615103618423200000002",
            "lifecycle_rule": [],
            "logging": [],
            "object_lock_configuration": [],
            "object_lock_enabled": false,
            "policy": "{\"Statement\":[{\"Action\":\"s3:PutObject\",\"Condition\":{\"Null\":{\"s3:x-amz-server-side-encryption\":\"false\"},\"StringNotEqualsIfExists\":{\"s3:x-amz-server-side-encryption\":\"aws:kms\",\"s3:x-amz-server-side-encryption-aws-kms-key-id\":\"arn:aws:kms:us-east-1:425373594208:key/d615ff15-7972-443d-bad7-de29e5520a28\"}},\"Effect\":\"Deny\",\"Principal\":{\"AWS\":\"*\"},\"Resource\":\"arn:aws:s3:::terraform-state-storage20230615103618423200000002/*\",\"Sid\":\"EnforceUseOfKMSEncryption\"},{\"Action\":\"s3:*\",\"Condition\":{\"Bool\":{\"aws:SecureTransport\":\"false\"}},\"Effect\":\"Deny\",\"Principal\":{\"AWS\":\"*\"},\"Resource\":[\"arn:aws:s3:::terraform-state-storage20230615103618423200000002/*\",\"arn:aws:s3:::terraform-state-storage20230615103618423200000002\"],\"Sid\":\"AllowSSLRequestsOnly\"}],\"Version\":\"2012-10-17\"}",
            "region": "us-east-1",
            "replication_configuration": [],
            "request_payer": "BucketOwner",
            "server_side_encryption_configuration": [
              {
                "rule": [
                  {
                    "apply_server_side_encryption_by_default": [
                      {
                        "kms_master_key_id": "arn:aws:kms:us-east-1:425373594208:key/d615ff15-7972-443d-bad7-de29e5520a28",
                        "sse_algorithm": "aws:kms"
                      }
                    ],
                    "bucket_key_enabled": false
                  }
                ]
              }
            ],
            "tags": {},
            "tags_all": {},
            "timeouts": null,
            "versioning": [
              {
                "enabled": true,
                "mfa_delete": false
              }
            ],
            "website": [],
            "website_domain": null,
            "website_endpoint": null
          },
          "sensitive_attributes": [],
          "private": "eyJlMmJmYjczMC1lY2FhLTExZTYtOGY4OC0zNDM2M2JjN2M0YzAiOnsiY3JlYXRlIjoxMjAwMDAwMDAwMDAwLCJkZWxldGUiOjM2MDAwMDAwMDAwMDAsInJlYWQiOjEyMDAwMDAwMDAwMDAsInVwZGF0ZSI6MTIwMDAwMDAwMDAwMH19"
        }
      ]
    },
    {
      "module": "module.state_storage",
      "mode": "managed",
      "type": "aws_s3_bucket_policy",
      "name": "this",
      "provider": "provider[\"registry.terraform.io/hashicorp/aws\"]",
      "instances": [
        {
          "schema_version": 0,
          "attributes": {
            "bucket": "terraform-state-storage20230615103618423200000002",
            "id": "terraform-state-storage20230615103618423200000002",
            "policy": "{\"Statement\":[{\"Action\":\"s3:PutObject\",\"Condition\":{\"Null\":{\"s3:x-amz-server-side-encryption\":\"false\"},\"StringNotEqualsIfExists\":{\"s3:x-amz-server-side-encryption\":\"aws:kms\",\"s3:x-amz-server-side-encryption-aws-kms-key-id\":\"arn:aws:kms:us-east-1:425373594208:key/d615ff15-7972-443d-bad7-de29e5520a28\"}},\"Effect\":\"Deny\",\"Principal\":{\"AWS\":\"*\"},\"Resource\":\"arn:aws:s3:::terraform-state-storage20230615103618423200000002/*\",\"Sid\":\"EnforceUseOfKMSEncryption\"},{\"Action\":\"s3:*\",\"Condition\":{\"Bool\":{\"aws:SecureTransport\":\"false\"}},\"Effect\":\"Deny\",\"Principal\":{\"AWS\":\"*\"},\"Resource\":[\"arn:aws:s3:::terraform-state-storage20230615103618423200000002/*\",\"arn:aws:s3:::terraform-state-storage20230615103618423200000002\"],\"Sid\":\"AllowSSLRequestsOnly\"}],\"Version\":\"2012-10-17\"}"
          },
          "sensitive_attributes": [],
          "private": "bnVsbA==",
          "dependencies": [
            "data.aws_caller_identity.current",
            "module.state_storage.aws_kms_key.this",
            "module.state_storage.aws_s3_bucket.this",
            "module.state_storage.data.aws_iam_policy_document.bucket_policy",
            "module.state_storage.data.aws_iam_policy_document.key_policy"
          ]
        }
      ]
    },
    {
      "module": "module.state_storage",
      "mode": "managed",
      "type": "aws_s3_bucket_public_access_block",
      "name": "this",
      "provider": "provider[\"registry.terraform.io/hashicorp/aws\"]",
      "instances": [
        {
          "schema_version": 0,
          "attributes": {
            "block_public_acls": true,
            "block_public_policy": true,
            "bucket": "terraform-state-storage20230615103618423200000002",
            "id": "terraform-state-storage20230615103618423200000002",
            "ignore_public_acls": true,
            "restrict_public_buckets": true
          },
          "sensitive_attributes": [],
          "private": "bnVsbA==",
          "dependencies": [
            "module.state_storage.aws_s3_bucket.this"
          ]
        }
      ]
    },
    {
      "module": "module.state_storage",
      "mode": "managed",
      "type": "aws_s3_bucket_server_side_encryption_configuration",
      "name": "this",
      "provider": "provider[\"registry.terraform.io/hashicorp/aws\"]",
      "instances": [
        {
          "schema_version": 0,
          "attributes": {
            "bucket": "terraform-state-storage20230615103618423200000002",
            "expected_bucket_owner": "",
            "id": "terraform-state-storage20230615103618423200000002",
            "rule": [
              {
                "apply_server_side_encryption_by_default": [
                  {
                    "kms_master_key_id": "arn:aws:kms:us-east-1:425373594208:key/d615ff15-7972-443d-bad7-de29e5520a28",
                    "sse_algorithm": "aws:kms"
                  }
                ],
                "bucket_key_enabled": false
              }
            ]
          },
          "sensitive_attributes": [],
          "private": "bnVsbA==",
          "dependencies": [
            "data.aws_caller_identity.current",
            "module.state_storage.aws_kms_key.this",
            "module.state_storage.aws_s3_bucket.this",
            "module.state_storage.data.aws_iam_policy_document.key_policy"
          ]
        }
      ]
    },
    {
      "module": "module.state_storage",
      "mode": "managed",
      "type": "aws_s3_bucket_versioning",
      "name": "this",
      "provider": "provider[\"registry.terraform.io/hashicorp/aws\"]",
      "instances": [
        {
          "schema_version": 0,
          "attributes": {
            "bucket": "terraform-state-storage20230615103618423200000002",
            "expected_bucket_owner": "",
            "id": "terraform-state-storage20230615103618423200000002",
            "mfa": null,
            "versioning_configuration": [
              {
                "mfa_delete": "",
                "status": "Enabled"
              }
            ]
          },
          "sensitive_attributes": [],
          "private": "bnVsbA==",
          "dependencies": [
            "module.state_storage.aws_s3_bucket.this"
          ]
        }
      ]
    }
  ],
  "check_results": null
}
